{
  "name": "key-master",
  "version": "3.0.0",
  "lockfileVersion": 1,
  "requires": true,
  "dependencies": {
    "amdefine": {
      "version": "https://registry.npmjs.org/amdefine/-/amdefine-1.0.1.tgz",
      "integrity": "sha1-SlKCrBZHKek2Gbz9OtFR+BfOkfU=",
      "dev": true,
      "optional": true
    },
    "deep-is": {
      "version": "https://registry.npmjs.org/deep-is/-/deep-is-0.1.3.tgz",
      "integrity": "sha1-s2nW+128E+7PUk+RsHD+7cNXzzQ=",
      "dev": true
    },
    "escodegen": {
      "version": "https://registry.npmjs.org/escodegen/-/escodegen-1.8.1.tgz",
      "integrity": "sha1-WltTr0aTEQvrsIZ6o0MN07cKEBg=",
      "dev": true,
      "requires": {
        "esprima": "https://registry.npmjs.org/esprima/-/esprima-2.7.3.tgz",
        "estraverse": "https://registry.npmjs.org/estraverse/-/estraverse-1.9.3.tgz",
        "esutils": "https://registry.npmjs.org/esutils/-/esutils-2.0.2.tgz",
        "optionator": "https://registry.npmjs.org/optionator/-/optionator-0.8.2.tgz",
        "source-map": "https://registry.npmjs.org/source-map/-/source-map-0.2.0.tgz"
      },
      "dependencies": {
        "estraverse": {
          "version": "https://registry.npmjs.org/estraverse/-/estraverse-1.9.3.tgz",
          "integrity": "sha1-r2fy3JIlgkFZUJJgkaQAXSnJu0Q=",
          "dev": true
        }
      }
    },
    "esprima": {
      "version": "https://registry.npmjs.org/esprima/-/esprima-2.7.3.tgz",
      "integrity": "sha1-luO3DVd59q1JzQMmc9HDEnZ7pYE=",
      "dev": true
    },
    "estraverse": {
      "version": "https://registry.npmjs.org/estraverse/-/estraverse-4.2.0.tgz",
      "integrity": "sha1-De4/7TH81GlhjOc0IJn8GvoL2xM=",
      "dev": true
    },
    "esutils": {
      "version": "https://registry.npmjs.org/esutils/-/esutils-2.0.2.tgz",
      "integrity": "sha1-Cr9PHKpbyx96nYrMbepPqqBLrJs=",
      "dev": true
    },
    "fast-levenshtein": {
      "version": "https://registry.npmjs.org/fast-levenshtein/-/fast-levenshtein-2.0.6.tgz",
      "integrity": "sha1-PYpcZog6FqMMqGQ+hR8Zuqd5eRc=",
      "dev": true
    },
    "jsmd": {
      "version": "https://registry.npmjs.org/jsmd/-/jsmd-0.3.1.tgz",
      "integrity": "sha1-o9d78sq5fhUZDvGs9CmGJxmYilM=",
      "dev": true,
      "requires": {
        "escodegen": "https://registry.npmjs.org/escodegen/-/escodegen-1.8.1.tgz",
        "esprima": "https://registry.npmjs.org/esprima/-/esprima-2.7.3.tgz",
        "estraverse": "https://registry.npmjs.org/estraverse/-/estraverse-4.2.0.tgz",
        "marked": "https://registry.npmjs.org/marked/-/marked-0.3.6.tgz",
        "v8-argv": "git://github.com/jkroso/v8-argv.git#284f84379e292eb956a5e7b66fb953ec4974385e"
      }
    },
    "levn": {
      "version": "https://registry.npmjs.org/levn/-/levn-0.3.0.tgz",
      "integrity": "sha1-OwmSTt+fCDwEkP3UwLxEIeBHZO4=",
      "dev": true,
      "requires": {
        "prelude-ls": "https://registry.npmjs.org/prelude-ls/-/prelude-ls-1.1.2.tgz",
        "type-check": "https://registry.npmjs.org/type-check/-/type-check-0.3.2.tgz"
      }
    },
    "marked": {
      "version": "https://registry.npmjs.org/marked/-/marked-0.3.6.tgz",
      "integrity": "sha1-ssbGGPzOzk74bE/Gy4p8v1rtqNc=",
      "dev": true
    },
    "optionator": {
      "version": "https://registry.npmjs.org/optionator/-/optionator-0.8.2.tgz",
      "integrity": "sha1-NkxeQJ0/TWMB1sC0wFu6UBgK62Q=",
      "dev": true,
      "requires": {
        "deep-is": "https://registry.npmjs.org/deep-is/-/deep-is-0.1.3.tgz",
        "fast-levenshtein": "https://registry.npmjs.org/fast-levenshtein/-/fast-levenshtein-2.0.6.tgz",
        "levn": "https://registry.npmjs.org/levn/-/levn-0.3.0.tgz",
        "prelude-ls": "https://registry.npmjs.org/prelude-ls/-/prelude-ls-1.1.2.tgz",
        "type-check": "https://registry.npmjs.org/type-check/-/type-check-0.3.2.tgz",
        "wordwrap": "https://registry.npmjs.org/wordwrap/-/wordwrap-1.0.0.tgz"
      }
    },
    "prelude-ls": {
      "version": "https://registry.npmjs.org/prelude-ls/-/prelude-ls-1.1.2.tgz",
      "integrity": "sha1-IZMqVJ9eUv/ZqCf1cOBL5iqX2lQ=",
      "dev": true
    },
    "source-map": {
      "version": "https://registry.npmjs.org/source-map/-/source-map-0.2.0.tgz",
      "integrity": "sha1-2rc/vPwrqBm03gO9b26qSBZLP50=",
      "dev": true,
      "optional": true,
      "requires": {
        "amdefine": "https://registry.npmjs.org/amdefine/-/amdefine-1.0.1.tgz"
      }
    },
    "tape": {
      "version": "4.0.0",
      "resolved": "http://registry.npmjs.org/tape/-/tape-4.0.0.tgz",
      "integrity": "sha1-56XeNWuqZWkasaus2AP3NwIE5VM=",
      "dev": true,
      "requires": {
        "deep-equal": "1.0.0",
        "defined": "0.0.0",
        "glob": "5.0.6",
        "inherits": "2.0.1",
        "object-inspect": "1.0.0",
        "resumer": "0.0.0",
        "through": "2.3.7"
      },
      "dependencies": {
        "deep-equal": {
          "version": "1.0.0",
          "resolved": "http://registry.npmjs.org/deep-equal/-/deep-equal-1.0.0.tgz",
          "integrity": "sha1-1FZPB9Lwqz5GEQvsFlkqvX3C4yY=",
          "dev": true
        },
        "defined": {
          "version": "0.0.0",
          "resolved": "http://registry.npmjs.org/defined/-/defined-0.0.0.tgz",
          "integrity": "sha1-817qfXBekzuvE7LwOz+D2SFAOz4=",
          "dev": true
        },
        "glob": {
          "version": "5.0.6",
          "resolved": "http://registry.npmjs.org/glob/-/glob-5.0.6.tgz",
          "integrity": "sha1-UfE3fI1bo2AVmXZV0ivX0gJGrM0=",
          "dev": true,
          "requires": {
            "inflight": "1.0.4",
            "inherits": "2.0.1",
            "minimatch": "2.0.7",
            "once": "1.3.2",
            "path-is-absolute": "1.0.0"
          },
          "dependencies": {
            "inflight": {
              "version": "1.0.4",
              "resolved": "http://registry.npmjs.org/inflight/-/inflight-1.0.4.tgz",
              "integrity": "sha1-bLtFIevVHODsCpNr/XZX736bFyo=",
              "dev": true,
              "requires": {
                "once": "1.3.2",
                "wrappy": "1.0.1"
              },
              "dependencies": {
                "wrappy": {
                  "version": "1.0.1",
                  "resolved": "http://registry.npmjs.org/wrappy/-/wrappy-1.0.1.tgz",
                  "integrity": "sha1-HmWWmWXMvC20VIxrhKbyxa7dRzk=",
                  "dev": true
                }
              }
            },
            "minimatch": {
              "version": "2.0.7",
              "resolved": "http://registry.npmjs.org/minimatch/-/minimatch-2.0.7.tgz",
              "integrity": "sha1-0jZSqxDmY+fZFGAukg4h+fZkkr4=",
              "dev": true,
              "requires": {
                "brace-expansion": "1.1.0"
              },
              "dependencies": {
                "brace-expansion": {
                  "version": "1.1.0",
                  "resolved": "http://registry.npmjs.org/brace-expansion/-/brace-expansion-1.1.0.tgz",
                  "integrity": "sha1-ybfQPAPze8cEvhAOUitA249s/Nk=",
                  "dev": true,
                  "requires": {
                    "balanced-match": "0.2.0",
                    "concat-map": "0.0.1"
                  },
                  "dependencies": {
                    "balanced-match": {
                      "version": "0.2.0",
                      "resolved": "http://registry.npmjs.org/balanced-match/-/balanced-match-0.2.0.tgz",
                      "integrity": "sha1-OPZzDAOqttXtu1K9k0iF51bXFnQ=",
                      "dev": true
                    },
                    "concat-map": {
                      "version": "0.0.1",
                      "resolved": "http://registry.npmjs.org/concat-map/-/concat-map-0.0.1.tgz",
                      "integrity": "sha1-2Klr13/Wjfd5OnMDajug1UBdR3s=",
                      "dev": true
                    }
                  }
                }
              }
            },
            "once": {
              "version": "1.3.2",
              "resolved": "http://registry.npmjs.org/once/-/once-1.3.2.tgz",
              "integrity": "sha1-2P7sqTsDnsHc3ud0HJK9rF4oCBs=",
              "dev": true,
              "requires": {
                "wrappy": "1.0.1"
              },
              "dependencies": {
                "wrappy": {
                  "version": "1.0.1",
                  "resolved": "http://registry.npmjs.org/wrappy/-/wrappy-1.0.1.tgz",
                  "integrity": "sha1-HmWWmWXMvC20VIxrhKbyxa7dRzk=",
                  "dev": true
                }
              }
            },
            "path-is-absolute": {
              "version": "1.0.0",
              "resolved": "http://registry.npmjs.org/path-is-absolute/-/path-is-absolute-1.0.0.tgz",
              "integrity": "sha1-Jj2tpmqz8vsQv3+dJN2PPlcO+RI=",
              "dev": true
            }
          }
        },
        "inherits": {
          "version": "2.0.1",
          "resolved": "http://registry.npmjs.org/inherits/-/inherits-2.0.1.tgz",
          "integrity": "sha1-sX0I0ya0Qj5Wjv9xn5GwscvfafE=",
          "dev": true
        },
        "object-inspect": {
          "version": "1.0.0",
          "resolved": "http://registry.npmjs.org/object-inspect/-/object-inspect-1.0.0.tgz",
          "integrity": "sha1-32xSUxG1en1wGGkV6HuB6zN0hGg=",
          "dev": true
        },
        "resumer": {
          "version": "0.0.0",
          "resolved": "http://registry.npmjs.org/resumer/-/resumer-0.0.0.tgz",
          "integrity": "sha1-8ej0YeQGS6Oegq883CqMiT0HZ1k=",
          "dev": true,
          "requires": {
            "through": "2.3.7"
          }
        },
        "through": {
          "version": "2.3.7",
          "resolved": "http://registry.npmjs.org/through/-/through-2.3.7.tgz",
          "integrity": "sha1-X8w2kP7S/fmMb8iLTSB6RiSsO4c=",
          "dev": true
        }
      }
    },
    "type-check": {
      "version": "https://registry.npmjs.org/type-check/-/type-check-0.3.2.tgz",
      "integrity": "sha1-WITKtRLPHTVeP7eE8wgEsrUg23I=",
      "dev": true,
      "requires": {
        "prelude-ls": "https://registry.npmjs.org/prelude-ls/-/prelude-ls-1.1.2.tgz"
      }
    },
    "v8-argv": {
      "version": "git://github.com/jkroso/v8-argv.git#284f84379e292eb956a5e7b66fb953ec4974385e",
      "dev": true
    },
    "wordwrap": {
      "version": "https://registry.npmjs.org/wordwrap/-/wordwrap-1.0.0.tgz",
      "integrity": "sha1-J1hIEIkUVqQXHI0CJkQa3pDLyus=",
      "dev": true
    }
  }
}
